<?xml version="1.0" encoding="utf-8"?>
<Project ToolsVersion="14.0" xmlns="http://schemas.microsoft.com/developer/msbuild/2003">
  <ItemGroup>
    <Filter Include="Data">
      <UniqueIdentifier>{6e850ba0-69bc-46df-8c74-614bdfddb293}</UniqueIdentifier>
    </Filter>
    <Filter Include="Data\il2cpp_data\etc\mono">
      <UniqueIdentifier>{c4101d6b-5529-475a-b8df-c0858dea5bc6}</UniqueIdentifier>
    </Filter>
    <Filter Include="Data\il2cpp_data\etc\mono\2.0">
      <UniqueIdentifier>{ab85d6e3-2423-416d-8699-9b18bc2c3607}</UniqueIdentifier>
    </Filter>
    <Filter Include="Data\il2cpp_data\etc\mono\2.0\Browsers">
      <UniqueIdentifier>{6c0e9510-739a-4a1d-b96f-d8185d001221}</UniqueIdentifier>
    </Filter>
    <Filter Include="Data\il2cpp_data\etc\mono\4.0">
      <UniqueIdentifier>{ccc6f98e-1caa-4973-b696-741ef081132c}</UniqueIdentifier>
    </Filter>
    <Filter Include="Data\il2cpp_data\etc\mono\4.0\Browsers">
      <UniqueIdentifier>{b26a00a0-cb4d-4118-8e16-4df732258b19}</UniqueIdentifier>
    </Filter>
    <Filter Include="Data\il2cpp_data\etc\mono\4.5">
      <UniqueIdentifier>{eea8829b-7932-4d23-9a8e-442f5a622a0c}</UniqueIdentifier>
    </Filter>
    <Filter Include="Data\il2cpp_data\etc\mono\4.5\Browsers">
      <UniqueIdentifier>{0833aac7-d718-46c3-939d-5de44eaf9391}</UniqueIdentifier>
    </Filter>
    <Filter Include="Data\il2cpp_data\etc\mono\mconfig">
      <UniqueIdentifier>{c42679a5-b8bc-4470-8443-a0d5b6acd508}</UniqueIdentifier>
    </Filter>
    <Filter Include="Data\il2cpp_data\Metadata">
      <UniqueIdentifier>{b3f1f014-2035-41d3-92da-15570566f0c8}</UniqueIdentifier>
    </Filter>
    <Filter Include="Data\il2cpp_data\Resources">
      <UniqueIdentifier>{381b49d1-ff1a-4517-8c21-ba9b8bc4d82d}</UniqueIdentifier>
    </Filter>
    <Filter Include="Data\Resources">
      <UniqueIdentifier>{3aa99d68-3c03-43bb-8cc6-e62a27bed199}</UniqueIdentifier>
    </Filter>
    <Filter Include="Data\StreamingAssets\CustomElevationData">
      <UniqueIdentifier>{4cf96549-14f2-40cc-9750-e740dcc81d36}</UniqueIdentifier>
    </Filter>
    <Filter Include="Data\il2cpp_data\etc">
      <UniqueIdentifier>{d322a9e0-a6d1-434c-9c56-d2781bcb8ec7}</UniqueIdentifier>
    </Filter>
    <Filter Include="Data\il2cpp_data">
      <UniqueIdentifier>{f87e483c-fefd-471e-8683-7b7c4fbc429b}</UniqueIdentifier>
    </Filter>
    <Filter Include="Data\StreamingAssets">
      <UniqueIdentifier>{06ef3ec9-3a78-46bb-ade6-574297ba732c}</UniqueIdentifier>
    </Filter>
    <Resource Include="$(MSBuildThisFileDirectory)Resource.res" />
    <None Include="$(MSBuildThisFileDirectory)StoreManifest.xml" />
    <ClCompile Include="$(MSBuildThisFileDirectory)UnityGenerated.cpp" />
    <ClInclude Include="$(MSBuildThisFileDirectory)UnityGenerated.h" />
    <None Include="$(MSBuildThisFileDirectory)Data\boot.config">
      <Filter>Data</Filter>
    </None>
    <None Include="$(MSBuildThisFileDirectory)Data\globalgamemanagers">
      <Filter>Data</Filter>
    </None>
    <None Include="$(MSBuildThisFileDirectory)Data\globalgamemanagers.assets">
      <Filter>Data</Filter>
    </None>
    <None Include="$(MSBuildThisFileDirectory)Data\globalgamemanagers.assets.resS">
      <Filter>Data</Filter>
    </None>
    <None Include="$(MSBuildThisFileDirectory)Data\level0">
      <Filter>Data</Filter>
    </None>
    <None Include="$(MSBuildThisFileDirectory)Data\level0.resS">
      <Filter>Data</Filter>
    </None>
    <None Include="$(MSBuildThisFileDirectory)Data\nativePlugins.txt">
      <Filter>Data</Filter>
    </None>
    <None Include="$(MSBuildThisFileDirectory)Data\resources.assets">
      <Filter>Data</Filter>
    </None>
    <None Include="$(MSBuildThisFileDirectory)Data\resources.assets.resS">
      <Filter>Data</Filter>
    </None>
    <None Include="$(MSBuildThisFileDirectory)Data\sharedassets0.assets">
      <Filter>Data</Filter>
    </None>
    <None Include="$(MSBuildThisFileDirectory)Data\sharedassets0.assets.resS">
      <Filter>Data</Filter>
    </None>
    <None Include="$(MSBuildThisFileDirectory)Data\sharedassets0.resource">
      <Filter>Data</Filter>
    </None>
    <None Include="$(MSBuildThisFileDirectory)Data\il2cpp_data\etc\mono\browscap.ini">
      <Filter>Data\il2cpp_data\etc\mono</Filter>
    </None>
    <None Include="$(MSBuildThisFileDirectory)Data\il2cpp_data\etc\mono\config">
      <Filter>Data\il2cpp_data\etc\mono</Filter>
    </None>
    <None Include="$(MSBuildThisFileDirectory)Data\il2cpp_data\etc\mono\2.0\DefaultWsdlHelpGenerator.aspx">
      <Filter>Data\il2cpp_data\etc\mono\2.0</Filter>
    </None>
    <None Include="$(MSBuildThisFileDirectory)Data\il2cpp_data\etc\mono\2.0\machine.config">
      <Filter>Data\il2cpp_data\etc\mono\2.0</Filter>
    </None>
    <None Include="$(MSBuildThisFileDirectory)Data\il2cpp_data\etc\mono\2.0\settings.map">
      <Filter>Data\il2cpp_data\etc\mono\2.0</Filter>
    </None>
    <None Include="$(MSBuildThisFileDirectory)Data\il2cpp_data\etc\mono\2.0\web.config">
      <Filter>Data\il2cpp_data\etc\mono\2.0</Filter>
    </None>
    <None Include="$(MSBuildThisFileDirectory)Data\il2cpp_data\etc\mono\2.0\Browsers\Compat.browser">
      <Filter>Data\il2cpp_data\etc\mono\2.0\Browsers</Filter>
    </None>
    <None Include="$(MSBuildThisFileDirectory)Data\il2cpp_data\etc\mono\4.0\DefaultWsdlHelpGenerator.aspx">
      <Filter>Data\il2cpp_data\etc\mono\4.0</Filter>
    </None>
    <None Include="$(MSBuildThisFileDirectory)Data\il2cpp_data\etc\mono\4.0\machine.config">
      <Filter>Data\il2cpp_data\etc\mono\4.0</Filter>
    </None>
    <None Include="$(MSBuildThisFileDirectory)Data\il2cpp_data\etc\mono\4.0\settings.map">
      <Filter>Data\il2cpp_data\etc\mono\4.0</Filter>
    </None>
    <None Include="$(MSBuildThisFileDirectory)Data\il2cpp_data\etc\mono\4.0\web.config">
      <Filter>Data\il2cpp_data\etc\mono\4.0</Filter>
    </None>
    <None Include="$(MSBuildThisFileDirectory)Data\il2cpp_data\etc\mono\4.0\Browsers\Compat.browser">
      <Filter>Data\il2cpp_data\etc\mono\4.0\Browsers</Filter>
    </None>
    <None Include="$(MSBuildThisFileDirectory)Data\il2cpp_data\etc\mono\4.5\DefaultWsdlHelpGenerator.aspx">
      <Filter>Data\il2cpp_data\etc\mono\4.5</Filter>
    </None>
    <None Include="$(MSBuildThisFileDirectory)Data\il2cpp_data\etc\mono\4.5\machine.config">
      <Filter>Data\il2cpp_data\etc\mono\4.5</Filter>
    </None>
    <None Include="$(MSBuildThisFileDirectory)Data\il2cpp_data\etc\mono\4.5\settings.map">
      <Filter>Data\il2cpp_data\etc\mono\4.5</Filter>
    </None>
    <None Include="$(MSBuildThisFileDirectory)Data\il2cpp_data\etc\mono\4.5\web.config">
      <Filter>Data\il2cpp_data\etc\mono\4.5</Filter>
    </None>
    <None Include="$(MSBuildThisFileDirectory)Data\il2cpp_data\etc\mono\4.5\Browsers\Compat.browser">
      <Filter>Data\il2cpp_data\etc\mono\4.5\Browsers</Filter>
    </None>
    <None Include="$(MSBuildThisFileDirectory)Data\il2cpp_data\etc\mono\mconfig\config.xml">
      <Filter>Data\il2cpp_data\etc\mono\mconfig</Filter>
    </None>
    <None Include="$(MSBuildThisFileDirectory)Data\il2cpp_data\Metadata\global-metadata.dat">
      <Filter>Data\il2cpp_data\Metadata</Filter>
    </None>
    <None Include="$(MSBuildThisFileDirectory)Data\il2cpp_data\Resources\I18N.CJK.dll-resources.dat">
      <Filter>Data\il2cpp_data\Resources</Filter>
    </None>
    <None Include="$(MSBuildThisFileDirectory)Data\il2cpp_data\Resources\Microsoft.Maps.Unity.dll-resources.dat">
      <Filter>Data\il2cpp_data\Resources</Filter>
    </None>
    <None Include="$(MSBuildThisFileDirectory)Data\il2cpp_data\Resources\mscorlib.dll-resources.dat">
      <Filter>Data\il2cpp_data\Resources</Filter>
    </None>
    <None Include="$(MSBuildThisFileDirectory)Data\Resources\unity default resources">
      <Filter>Data\Resources</Filter>
    </None>
    <None Include="$(MSBuildThisFileDirectory)Data\Resources\unity_builtin_extra">
      <Filter>Data\Resources</Filter>
    </None>
    <None Include="$(MSBuildThisFileDirectory)Data\StreamingAssets\CustomElevationData\023013210123132.et">
      <Filter>Data\StreamingAssets\CustomElevationData</Filter>
    </None>
    <None Include="$(MSBuildThisFileDirectory)Data\StreamingAssets\CustomElevationData\0230132101231323.et">
      <Filter>Data\StreamingAssets\CustomElevationData</Filter>
    </None>
    <None Include="$(MSBuildThisFileDirectory)Data\StreamingAssets\CustomElevationData\02301321012313232.et">
      <Filter>Data\StreamingAssets\CustomElevationData</Filter>
    </None>
    <None Include="$(MSBuildThisFileDirectory)Data\StreamingAssets\CustomElevationData\02301321012313233.et">
      <Filter>Data\StreamingAssets\CustomElevationData</Filter>
    </None>
    <None Include="$(MSBuildThisFileDirectory)Data\StreamingAssets\CustomElevationData\023013210123133.et">
      <Filter>Data\StreamingAssets\CustomElevationData</Filter>
    </None>
    <None Include="$(MSBuildThisFileDirectory)Data\StreamingAssets\CustomElevationData\0230132101231332.et">
      <Filter>Data\StreamingAssets\CustomElevationData</Filter>
    </None>
    <None Include="$(MSBuildThisFileDirectory)Data\StreamingAssets\CustomElevationData\02301321012313322.et">
      <Filter>Data\StreamingAssets\CustomElevationData</Filter>
    </None>
    <None Include="$(MSBuildThisFileDirectory)Data\StreamingAssets\CustomElevationData\02301321012313323.et">
      <Filter>Data\StreamingAssets\CustomElevationData</Filter>
    </None>
    <None Include="$(MSBuildThisFileDirectory)Data\StreamingAssets\CustomElevationData\023013210123310.et">
      <Filter>Data\StreamingAssets\CustomElevationData</Filter>
    </None>
    <None Include="$(MSBuildThisFileDirectory)Data\StreamingAssets\CustomElevationData\0230132101233101.et">
      <Filter>Data\StreamingAssets\CustomElevationData</Filter>
    </None>
    <None Include="$(MSBuildThisFileDirectory)Data\StreamingAssets\CustomElevationData\02301321012331010.et">
      <Filter>Data\StreamingAssets\CustomElevationData</Filter>
    </None>
    <None Include="$(MSBuildThisFileDirectory)Data\StreamingAssets\CustomElevationData\02301321012331011.et">
      <Filter>Data\StreamingAssets\CustomElevationData</Filter>
    </None>
    <None Include="$(MSBuildThisFileDirectory)Data\StreamingAssets\CustomElevationData\02301321012331012.et">
      <Filter>Data\StreamingAssets\CustomElevationData</Filter>
    </None>
    <None Include="$(MSBuildThisFileDirectory)Data\StreamingAssets\CustomElevationData\02301321012331013.et">
      <Filter>Data\StreamingAssets\CustomElevationData</Filter>
    </None>
    <None Include="$(MSBuildThisFileDirectory)Data\StreamingAssets\CustomElevationData\0230132101233103.et">
      <Filter>Data\StreamingAssets\CustomElevationData</Filter>
    </None>
    <None Include="$(MSBuildThisFileDirectory)Data\StreamingAssets\CustomElevationData\02301321012331030.et">
      <Filter>Data\StreamingAssets\CustomElevationData</Filter>
    </None>
    <None Include="$(MSBuildThisFileDirectory)Data\StreamingAssets\CustomElevationData\02301321012331031.et">
      <Filter>Data\StreamingAssets\CustomElevationData</Filter>
    </None>
    <None Include="$(MSBuildThisFileDirectory)Data\StreamingAssets\CustomElevationData\023013210123311.et">
      <Filter>Data\StreamingAssets\CustomElevationData</Filter>
    </None>
    <None Include="$(MSBuildThisFileDirectory)Data\StreamingAssets\CustomElevationData\0230132101233110.et">
      <Filter>Data\StreamingAssets\CustomElevationData</Filter>
    </None>
    <None Include="$(MSBuildThisFileDirectory)Data\StreamingAssets\CustomElevationData\02301321012331100.et">
      <Filter>Data\StreamingAssets\CustomElevationData</Filter>
    </None>
    <None Include="$(MSBuildThisFileDirectory)Data\StreamingAssets\CustomElevationData\02301321012331101.et">
      <Filter>Data\StreamingAssets\CustomElevationData</Filter>
    </None>
    <None Include="$(MSBuildThisFileDirectory)Data\StreamingAssets\CustomElevationData\02301321012331102.et">
      <Filter>Data\StreamingAssets\CustomElevationData</Filter>
    </None>
    <None Include="$(MSBuildThisFileDirectory)Data\StreamingAssets\CustomElevationData\02301321012331103.et">
      <Filter>Data\StreamingAssets\CustomElevationData</Filter>
    </None>
    <None Include="$(MSBuildThisFileDirectory)Data\StreamingAssets\CustomElevationData\0230132101233112.et">
      <Filter>Data\StreamingAssets\CustomElevationData</Filter>
    </None>
    <None Include="$(MSBuildThisFileDirectory)Data\StreamingAssets\CustomElevationData\02301321012331120.et">
      <Filter>Data\StreamingAssets\CustomElevationData</Filter>
    </None>
    <None Include="$(MSBuildThisFileDirectory)Data\StreamingAssets\CustomElevationData\02301321012331121.et">
      <Filter>Data\StreamingAssets\CustomElevationData</Filter>
    </None>
    <None Include="$(MSBuildThisFileDirectory)MicrosoftGeospatialCompressionNative.dll" />
    <None Include="$(MSBuildThisFileDirectory)AudioPluginMsHRTF.dll" />
  </ItemGroup>
</Project>