<?xml version="1.0" encoding="utf-8"?>
<Project ToolsVersion="14.0" xmlns="http://schemas.microsoft.com/developer/msbuild/2003">
  <ItemGroup>
    <Filter Include="Data">
      <UniqueIdentifier>{77550854-717e-440d-8743-40d742c2e7d9}</UniqueIdentifier>
    </Filter>
    <Filter Include="Data\il2cpp_data\etc\mono">
      <UniqueIdentifier>{d01d8226-70b0-4d87-8fa8-c0bb49cec2b7}</UniqueIdentifier>
    </Filter>
    <Filter Include="Data\il2cpp_data\etc\mono\2.0">
      <UniqueIdentifier>{e772bd11-d2e7-4f3c-81cc-d1b559a25a58}</UniqueIdentifier>
    </Filter>
    <Filter Include="Data\il2cpp_data\etc\mono\2.0\Browsers">
      <UniqueIdentifier>{d38df1ed-7510-4773-bdb6-b36ded820c90}</UniqueIdentifier>
    </Filter>
    <Filter Include="Data\il2cpp_data\etc\mono\4.0">
      <UniqueIdentifier>{d99d4332-9aee-481b-9bed-36be4c8a38bc}</UniqueIdentifier>
    </Filter>
    <Filter Include="Data\il2cpp_data\etc\mono\4.0\Browsers">
      <UniqueIdentifier>{49630fd9-ea98-44c5-8149-9ac8af0e5bb3}</UniqueIdentifier>
    </Filter>
    <Filter Include="Data\il2cpp_data\etc\mono\4.5">
      <UniqueIdentifier>{ca787037-5be5-412e-a98f-eb4e309e8186}</UniqueIdentifier>
    </Filter>
    <Filter Include="Data\il2cpp_data\etc\mono\4.5\Browsers">
      <UniqueIdentifier>{a68a0e8b-8199-407b-85d8-a255943ffe8a}</UniqueIdentifier>
    </Filter>
    <Filter Include="Data\il2cpp_data\etc\mono\mconfig">
      <UniqueIdentifier>{f585ca47-0bd4-4a33-8c92-42132587875c}</UniqueIdentifier>
    </Filter>
    <Filter Include="Data\il2cpp_data\Metadata">
      <UniqueIdentifier>{a2b67224-e263-4256-a095-faa6acceb4fb}</UniqueIdentifier>
    </Filter>
    <Filter Include="Data\il2cpp_data\Resources">
      <UniqueIdentifier>{aa30ebad-64a5-4ce4-a105-151c1c44165b}</UniqueIdentifier>
    </Filter>
    <Filter Include="Data\Resources">
      <UniqueIdentifier>{af9b3486-e63c-4fc2-ad6f-7bf2bc9d3463}</UniqueIdentifier>
    </Filter>
    <Filter Include="Data\StreamingAssets\CustomElevationData">
      <UniqueIdentifier>{ea60f8bb-e28c-463c-8fbb-7426005fc2b5}</UniqueIdentifier>
    </Filter>
    <Filter Include="Data\il2cpp_data\etc">
      <UniqueIdentifier>{87210db4-6a5c-4e64-8a2e-973c3a0846e5}</UniqueIdentifier>
    </Filter>
    <Filter Include="Data\il2cpp_data">
      <UniqueIdentifier>{97a7b6c3-6ed3-47fb-ba25-2abcde38cb52}</UniqueIdentifier>
    </Filter>
    <Filter Include="Data\StreamingAssets">
      <UniqueIdentifier>{f86995e5-4ebb-405b-b19c-a5bb81add5bf}</UniqueIdentifier>
    </Filter>
    <Resource Include="$(MSBuildThisFileDirectory)Resource.res" />
    <None Include="$(MSBuildThisFileDirectory)StoreManifest.xml" />
    <ClCompile Include="$(MSBuildThisFileDirectory)UnityGenerated.cpp" />
    <ClInclude Include="$(MSBuildThisFileDirectory)UnityGenerated.h" />
    <None Include="$(MSBuildThisFileDirectory)Data\boot.config">
      <Filter>Data</Filter>
    </None>
    <None Include="$(MSBuildThisFileDirectory)Data\globalgamemanagers">
      <Filter>Data</Filter>
    </None>
    <None Include="$(MSBuildThisFileDirectory)Data\globalgamemanagers.assets">
      <Filter>Data</Filter>
    </None>
    <None Include="$(MSBuildThisFileDirectory)Data\globalgamemanagers.assets.resS">
      <Filter>Data</Filter>
    </None>
    <None Include="$(MSBuildThisFileDirectory)Data\level0">
      <Filter>Data</Filter>
    </None>
    <None Include="$(MSBuildThisFileDirectory)Data\level0.resS">
      <Filter>Data</Filter>
    </None>
    <None Include="$(MSBuildThisFileDirectory)Data\nativePlugins.txt">
      <Filter>Data</Filter>
    </None>
    <None Include="$(MSBuildThisFileDirectory)Data\resources.assets">
      <Filter>Data</Filter>
    </None>
    <None Include="$(MSBuildThisFileDirectory)Data\resources.assets.resS">
      <Filter>Data</Filter>
    </None>
    <None Include="$(MSBuildThisFileDirectory)Data\sharedassets0.assets">
      <Filter>Data</Filter>
    </None>
    <None Include="$(MSBuildThisFileDirectory)Data\sharedassets0.assets.resS">
      <Filter>Data</Filter>
    </None>
    <None Include="$(MSBuildThisFileDirectory)Data\sharedassets0.resource">
      <Filter>Data</Filter>
    </None>
    <None Include="$(MSBuildThisFileDirectory)Data\il2cpp_data\etc\mono\browscap.ini">
      <Filter>Data\il2cpp_data\etc\mono</Filter>
    </None>
    <None Include="$(MSBuildThisFileDirectory)Data\il2cpp_data\etc\mono\config">
      <Filter>Data\il2cpp_data\etc\mono</Filter>
    </None>
    <None Include="$(MSBuildThisFileDirectory)Data\il2cpp_data\etc\mono\2.0\DefaultWsdlHelpGenerator.aspx">
      <Filter>Data\il2cpp_data\etc\mono\2.0</Filter>
    </None>
    <None Include="$(MSBuildThisFileDirectory)Data\il2cpp_data\etc\mono\2.0\machine.config">
      <Filter>Data\il2cpp_data\etc\mono\2.0</Filter>
    </None>
    <None Include="$(MSBuildThisFileDirectory)Data\il2cpp_data\etc\mono\2.0\settings.map">
      <Filter>Data\il2cpp_data\etc\mono\2.0</Filter>
    </None>
    <None Include="$(MSBuildThisFileDirectory)Data\il2cpp_data\etc\mono\2.0\web.config">
      <Filter>Data\il2cpp_data\etc\mono\2.0</Filter>
    </None>
    <None Include="$(MSBuildThisFileDirectory)Data\il2cpp_data\etc\mono\2.0\Browsers\Compat.browser">
      <Filter>Data\il2cpp_data\etc\mono\2.0\Browsers</Filter>
    </None>
    <None Include="$(MSBuildThisFileDirectory)Data\il2cpp_data\etc\mono\4.0\DefaultWsdlHelpGenerator.aspx">
      <Filter>Data\il2cpp_data\etc\mono\4.0</Filter>
    </None>
    <None Include="$(MSBuildThisFileDirectory)Data\il2cpp_data\etc\mono\4.0\machine.config">
      <Filter>Data\il2cpp_data\etc\mono\4.0</Filter>
    </None>
    <None Include="$(MSBuildThisFileDirectory)Data\il2cpp_data\etc\mono\4.0\settings.map">
      <Filter>Data\il2cpp_data\etc\mono\4.0</Filter>
    </None>
    <None Include="$(MSBuildThisFileDirectory)Data\il2cpp_data\etc\mono\4.0\web.config">
      <Filter>Data\il2cpp_data\etc\mono\4.0</Filter>
    </None>
    <None Include="$(MSBuildThisFileDirectory)Data\il2cpp_data\etc\mono\4.0\Browsers\Compat.browser">
      <Filter>Data\il2cpp_data\etc\mono\4.0\Browsers</Filter>
    </None>
    <None Include="$(MSBuildThisFileDirectory)Data\il2cpp_data\etc\mono\4.5\DefaultWsdlHelpGenerator.aspx">
      <Filter>Data\il2cpp_data\etc\mono\4.5</Filter>
    </None>
    <None Include="$(MSBuildThisFileDirectory)Data\il2cpp_data\etc\mono\4.5\machine.config">
      <Filter>Data\il2cpp_data\etc\mono\4.5</Filter>
    </None>
    <None Include="$(MSBuildThisFileDirectory)Data\il2cpp_data\etc\mono\4.5\settings.map">
      <Filter>Data\il2cpp_data\etc\mono\4.5</Filter>
    </None>
    <None Include="$(MSBuildThisFileDirectory)Data\il2cpp_data\etc\mono\4.5\web.config">
      <Filter>Data\il2cpp_data\etc\mono\4.5</Filter>
    </None>
    <None Include="$(MSBuildThisFileDirectory)Data\il2cpp_data\etc\mono\4.5\Browsers\Compat.browser">
      <Filter>Data\il2cpp_data\etc\mono\4.5\Browsers</Filter>
    </None>
    <None Include="$(MSBuildThisFileDirectory)Data\il2cpp_data\etc\mono\mconfig\config.xml">
      <Filter>Data\il2cpp_data\etc\mono\mconfig</Filter>
    </None>
    <None Include="$(MSBuildThisFileDirectory)Data\il2cpp_data\Metadata\global-metadata.dat">
      <Filter>Data\il2cpp_data\Metadata</Filter>
    </None>
    <None Include="$(MSBuildThisFileDirectory)Data\il2cpp_data\Resources\I18N.CJK.dll-resources.dat">
      <Filter>Data\il2cpp_data\Resources</Filter>
    </None>
    <None Include="$(MSBuildThisFileDirectory)Data\il2cpp_data\Resources\Microsoft.Maps.Unity.dll-resources.dat">
      <Filter>Data\il2cpp_data\Resources</Filter>
    </None>
    <None Include="$(MSBuildThisFileDirectory)Data\il2cpp_data\Resources\mscorlib.dll-resources.dat">
      <Filter>Data\il2cpp_data\Resources</Filter>
    </None>
    <None Include="$(MSBuildThisFileDirectory)Data\Resources\unity default resources">
      <Filter>Data\Resources</Filter>
    </None>
    <None Include="$(MSBuildThisFileDirectory)Data\Resources\unity_builtin_extra">
      <Filter>Data\Resources</Filter>
    </None>
    <None Include="$(MSBuildThisFileDirectory)Data\StreamingAssets\CustomElevationData\023013210123132.et">
      <Filter>Data\StreamingAssets\CustomElevationData</Filter>
    </None>
    <None Include="$(MSBuildThisFileDirectory)Data\StreamingAssets\CustomElevationData\0230132101231323.et">
      <Filter>Data\StreamingAssets\CustomElevationData</Filter>
    </None>
    <None Include="$(MSBuildThisFileDirectory)Data\StreamingAssets\CustomElevationData\02301321012313232.et">
      <Filter>Data\StreamingAssets\CustomElevationData</Filter>
    </None>
    <None Include="$(MSBuildThisFileDirectory)Data\StreamingAssets\CustomElevationData\02301321012313233.et">
      <Filter>Data\StreamingAssets\CustomElevationData</Filter>
    </None>
    <None Include="$(MSBuildThisFileDirectory)Data\StreamingAssets\CustomElevationData\023013210123133.et">
      <Filter>Data\StreamingAssets\CustomElevationData</Filter>
    </None>
    <None Include="$(MSBuildThisFileDirectory)Data\StreamingAssets\CustomElevationData\0230132101231332.et">
      <Filter>Data\StreamingAssets\CustomElevationData</Filter>
    </None>
    <None Include="$(MSBuildThisFileDirectory)Data\StreamingAssets\CustomElevationData\02301321012313322.et">
      <Filter>Data\StreamingAssets\CustomElevationData</Filter>
    </None>
    <None Include="$(MSBuildThisFileDirectory)Data\StreamingAssets\CustomElevationData\02301321012313323.et">
      <Filter>Data\StreamingAssets\CustomElevationData</Filter>
    </None>
    <None Include="$(MSBuildThisFileDirectory)Data\StreamingAssets\CustomElevationData\023013210123310.et">
      <Filter>Data\StreamingAssets\CustomElevationData</Filter>
    </None>
    <None Include="$(MSBuildThisFileDirectory)Data\StreamingAssets\CustomElevationData\0230132101233101.et">
      <Filter>Data\StreamingAssets\CustomElevationData</Filter>
    </None>
    <None Include="$(MSBuildThisFileDirectory)Data\StreamingAssets\CustomElevationData\02301321012331010.et">
      <Filter>Data\StreamingAssets\CustomElevationData</Filter>
    </None>
    <None Include="$(MSBuildThisFileDirectory)Data\StreamingAssets\CustomElevationData\02301321012331011.et">
      <Filter>Data\StreamingAssets\CustomElevationData</Filter>
    </None>
    <None Include="$(MSBuildThisFileDirectory)Data\StreamingAssets\CustomElevationData\02301321012331012.et">
      <Filter>Data\StreamingAssets\CustomElevationData</Filter>
    </None>
    <None Include="$(MSBuildThisFileDirectory)Data\StreamingAssets\CustomElevationData\02301321012331013.et">
      <Filter>Data\StreamingAssets\CustomElevationData</Filter>
    </None>
    <None Include="$(MSBuildThisFileDirectory)Data\StreamingAssets\CustomElevationData\0230132101233103.et">
      <Filter>Data\StreamingAssets\CustomElevationData</Filter>
    </None>
    <None Include="$(MSBuildThisFileDirectory)Data\StreamingAssets\CustomElevationData\02301321012331030.et">
      <Filter>Data\StreamingAssets\CustomElevationData</Filter>
    </None>
    <None Include="$(MSBuildThisFileDirectory)Data\StreamingAssets\CustomElevationData\02301321012331031.et">
      <Filter>Data\StreamingAssets\CustomElevationData</Filter>
    </None>
    <None Include="$(MSBuildThisFileDirectory)Data\StreamingAssets\CustomElevationData\023013210123311.et">
      <Filter>Data\StreamingAssets\CustomElevationData</Filter>
    </None>
    <None Include="$(MSBuildThisFileDirectory)Data\StreamingAssets\CustomElevationData\0230132101233110.et">
      <Filter>Data\StreamingAssets\CustomElevationData</Filter>
    </None>
    <None Include="$(MSBuildThisFileDirectory)Data\StreamingAssets\CustomElevationData\02301321012331100.et">
      <Filter>Data\StreamingAssets\CustomElevationData</Filter>
    </None>
    <None Include="$(MSBuildThisFileDirectory)Data\StreamingAssets\CustomElevationData\02301321012331101.et">
      <Filter>Data\StreamingAssets\CustomElevationData</Filter>
    </None>
    <None Include="$(MSBuildThisFileDirectory)Data\StreamingAssets\CustomElevationData\02301321012331102.et">
      <Filter>Data\StreamingAssets\CustomElevationData</Filter>
    </None>
    <None Include="$(MSBuildThisFileDirectory)Data\StreamingAssets\CustomElevationData\02301321012331103.et">
      <Filter>Data\StreamingAssets\CustomElevationData</Filter>
    </None>
    <None Include="$(MSBuildThisFileDirectory)Data\StreamingAssets\CustomElevationData\0230132101233112.et">
      <Filter>Data\StreamingAssets\CustomElevationData</Filter>
    </None>
    <None Include="$(MSBuildThisFileDirectory)Data\StreamingAssets\CustomElevationData\02301321012331120.et">
      <Filter>Data\StreamingAssets\CustomElevationData</Filter>
    </None>
    <None Include="$(MSBuildThisFileDirectory)Data\StreamingAssets\CustomElevationData\02301321012331121.et">
      <Filter>Data\StreamingAssets\CustomElevationData</Filter>
    </None>
    <None Include="$(MSBuildThisFileDirectory)MicrosoftGeospatialCompressionNative.dll" />
    <None Include="$(MSBuildThisFileDirectory)AudioPluginMsHRTF.dll" />
  </ItemGroup>
</Project>