<?xml version="1.0" encoding="utf-8"?>
<Project ToolsVersion="14.0" xmlns="http://schemas.microsoft.com/developer/msbuild/2003">
  <ItemGroup>
    <Filter Include="Data">
      <UniqueIdentifier>{37fdade7-6768-4cb2-89b5-ff5a6e11c24a}</UniqueIdentifier>
    </Filter>
    <Filter Include="Data\il2cpp_data\etc\mono">
      <UniqueIdentifier>{38a72598-e541-4914-830d-77eb6f2f7543}</UniqueIdentifier>
    </Filter>
    <Filter Include="Data\il2cpp_data\etc\mono\2.0">
      <UniqueIdentifier>{c2280d4d-838c-499a-a88e-3a3ec471b146}</UniqueIdentifier>
    </Filter>
    <Filter Include="Data\il2cpp_data\etc\mono\2.0\Browsers">
      <UniqueIdentifier>{68c56c58-e69c-4d29-a114-06cafbfbea6c}</UniqueIdentifier>
    </Filter>
    <Filter Include="Data\il2cpp_data\etc\mono\4.0">
      <UniqueIdentifier>{a7a04203-401b-4903-bf10-864deab2cce6}</UniqueIdentifier>
    </Filter>
    <Filter Include="Data\il2cpp_data\etc\mono\4.0\Browsers">
      <UniqueIdentifier>{0abb1b44-8eb4-4595-96d5-e0a6b625750a}</UniqueIdentifier>
    </Filter>
    <Filter Include="Data\il2cpp_data\etc\mono\4.5">
      <UniqueIdentifier>{96b5a0fc-cc42-433b-b2f3-bef1386820f6}</UniqueIdentifier>
    </Filter>
    <Filter Include="Data\il2cpp_data\etc\mono\4.5\Browsers">
      <UniqueIdentifier>{fa83f362-7d55-4b1e-9f18-1e7ecc073a70}</UniqueIdentifier>
    </Filter>
    <Filter Include="Data\il2cpp_data\etc\mono\mconfig">
      <UniqueIdentifier>{0d757639-ad74-4b1f-8d4d-3b016d5f1b4d}</UniqueIdentifier>
    </Filter>
    <Filter Include="Data\il2cpp_data\Metadata">
      <UniqueIdentifier>{e11c9ffa-9b6b-4182-b360-3a5f7eba38a3}</UniqueIdentifier>
    </Filter>
    <Filter Include="Data\il2cpp_data\Resources">
      <UniqueIdentifier>{d9826034-ec4a-43bc-a446-e13bf07a94a6}</UniqueIdentifier>
    </Filter>
    <Filter Include="Data\Resources">
      <UniqueIdentifier>{44fdc667-ae88-4b72-81a9-93d16e782c0f}</UniqueIdentifier>
    </Filter>
    <Filter Include="Data\StreamingAssets\CustomElevationData">
      <UniqueIdentifier>{c4fbf156-41c9-4320-af5b-2893d90aca5f}</UniqueIdentifier>
    </Filter>
    <Filter Include="Data\il2cpp_data\etc">
      <UniqueIdentifier>{8637b8d1-8e5f-4386-a114-1b999ed3d44d}</UniqueIdentifier>
    </Filter>
    <Filter Include="Data\il2cpp_data">
      <UniqueIdentifier>{a26dcbbb-9894-492f-be8c-a1a8ba7bda57}</UniqueIdentifier>
    </Filter>
    <Filter Include="Data\StreamingAssets">
      <UniqueIdentifier>{96aabaf2-8e1a-4f91-94b4-6d1a914ba9af}</UniqueIdentifier>
    </Filter>
    <Resource Include="$(MSBuildThisFileDirectory)Resource.res" />
    <None Include="$(MSBuildThisFileDirectory)StoreManifest.xml" />
    <ClCompile Include="$(MSBuildThisFileDirectory)UnityGenerated.cpp" />
    <ClInclude Include="$(MSBuildThisFileDirectory)UnityGenerated.h" />
    <None Include="$(MSBuildThisFileDirectory)Data\boot.config">
      <Filter>Data</Filter>
    </None>
    <None Include="$(MSBuildThisFileDirectory)Data\globalgamemanagers">
      <Filter>Data</Filter>
    </None>
    <None Include="$(MSBuildThisFileDirectory)Data\globalgamemanagers.assets">
      <Filter>Data</Filter>
    </None>
    <None Include="$(MSBuildThisFileDirectory)Data\globalgamemanagers.assets.resS">
      <Filter>Data</Filter>
    </None>
    <None Include="$(MSBuildThisFileDirectory)Data\level0">
      <Filter>Data</Filter>
    </None>
    <None Include="$(MSBuildThisFileDirectory)Data\level0.resS">
      <Filter>Data</Filter>
    </None>
    <None Include="$(MSBuildThisFileDirectory)Data\nativePlugins.txt">
      <Filter>Data</Filter>
    </None>
    <None Include="$(MSBuildThisFileDirectory)Data\resources.assets">
      <Filter>Data</Filter>
    </None>
    <None Include="$(MSBuildThisFileDirectory)Data\resources.assets.resS">
      <Filter>Data</Filter>
    </None>
    <None Include="$(MSBuildThisFileDirectory)Data\sharedassets0.assets">
      <Filter>Data</Filter>
    </None>
    <None Include="$(MSBuildThisFileDirectory)Data\sharedassets0.assets.resS">
      <Filter>Data</Filter>
    </None>
    <None Include="$(MSBuildThisFileDirectory)Data\sharedassets0.resource">
      <Filter>Data</Filter>
    </None>
    <None Include="$(MSBuildThisFileDirectory)Data\il2cpp_data\etc\mono\browscap.ini">
      <Filter>Data\il2cpp_data\etc\mono</Filter>
    </None>
    <None Include="$(MSBuildThisFileDirectory)Data\il2cpp_data\etc\mono\config">
      <Filter>Data\il2cpp_data\etc\mono</Filter>
    </None>
    <None Include="$(MSBuildThisFileDirectory)Data\il2cpp_data\etc\mono\2.0\DefaultWsdlHelpGenerator.aspx">
      <Filter>Data\il2cpp_data\etc\mono\2.0</Filter>
    </None>
    <None Include="$(MSBuildThisFileDirectory)Data\il2cpp_data\etc\mono\2.0\machine.config">
      <Filter>Data\il2cpp_data\etc\mono\2.0</Filter>
    </None>
    <None Include="$(MSBuildThisFileDirectory)Data\il2cpp_data\etc\mono\2.0\settings.map">
      <Filter>Data\il2cpp_data\etc\mono\2.0</Filter>
    </None>
    <None Include="$(MSBuildThisFileDirectory)Data\il2cpp_data\etc\mono\2.0\web.config">
      <Filter>Data\il2cpp_data\etc\mono\2.0</Filter>
    </None>
    <None Include="$(MSBuildThisFileDirectory)Data\il2cpp_data\etc\mono\2.0\Browsers\Compat.browser">
      <Filter>Data\il2cpp_data\etc\mono\2.0\Browsers</Filter>
    </None>
    <None Include="$(MSBuildThisFileDirectory)Data\il2cpp_data\etc\mono\4.0\DefaultWsdlHelpGenerator.aspx">
      <Filter>Data\il2cpp_data\etc\mono\4.0</Filter>
    </None>
    <None Include="$(MSBuildThisFileDirectory)Data\il2cpp_data\etc\mono\4.0\machine.config">
      <Filter>Data\il2cpp_data\etc\mono\4.0</Filter>
    </None>
    <None Include="$(MSBuildThisFileDirectory)Data\il2cpp_data\etc\mono\4.0\settings.map">
      <Filter>Data\il2cpp_data\etc\mono\4.0</Filter>
    </None>
    <None Include="$(MSBuildThisFileDirectory)Data\il2cpp_data\etc\mono\4.0\web.config">
      <Filter>Data\il2cpp_data\etc\mono\4.0</Filter>
    </None>
    <None Include="$(MSBuildThisFileDirectory)Data\il2cpp_data\etc\mono\4.0\Browsers\Compat.browser">
      <Filter>Data\il2cpp_data\etc\mono\4.0\Browsers</Filter>
    </None>
    <None Include="$(MSBuildThisFileDirectory)Data\il2cpp_data\etc\mono\4.5\DefaultWsdlHelpGenerator.aspx">
      <Filter>Data\il2cpp_data\etc\mono\4.5</Filter>
    </None>
    <None Include="$(MSBuildThisFileDirectory)Data\il2cpp_data\etc\mono\4.5\machine.config">
      <Filter>Data\il2cpp_data\etc\mono\4.5</Filter>
    </None>
    <None Include="$(MSBuildThisFileDirectory)Data\il2cpp_data\etc\mono\4.5\settings.map">
      <Filter>Data\il2cpp_data\etc\mono\4.5</Filter>
    </None>
    <None Include="$(MSBuildThisFileDirectory)Data\il2cpp_data\etc\mono\4.5\web.config">
      <Filter>Data\il2cpp_data\etc\mono\4.5</Filter>
    </None>
    <None Include="$(MSBuildThisFileDirectory)Data\il2cpp_data\etc\mono\4.5\Browsers\Compat.browser">
      <Filter>Data\il2cpp_data\etc\mono\4.5\Browsers</Filter>
    </None>
    <None Include="$(MSBuildThisFileDirectory)Data\il2cpp_data\etc\mono\mconfig\config.xml">
      <Filter>Data\il2cpp_data\etc\mono\mconfig</Filter>
    </None>
    <None Include="$(MSBuildThisFileDirectory)Data\il2cpp_data\Metadata\global-metadata.dat">
      <Filter>Data\il2cpp_data\Metadata</Filter>
    </None>
    <None Include="$(MSBuildThisFileDirectory)Data\il2cpp_data\Resources\I18N.CJK.dll-resources.dat">
      <Filter>Data\il2cpp_data\Resources</Filter>
    </None>
    <None Include="$(MSBuildThisFileDirectory)Data\il2cpp_data\Resources\Microsoft.Maps.Unity.dll-resources.dat">
      <Filter>Data\il2cpp_data\Resources</Filter>
    </None>
    <None Include="$(MSBuildThisFileDirectory)Data\il2cpp_data\Resources\mscorlib.dll-resources.dat">
      <Filter>Data\il2cpp_data\Resources</Filter>
    </None>
    <None Include="$(MSBuildThisFileDirectory)Data\Resources\unity default resources">
      <Filter>Data\Resources</Filter>
    </None>
    <None Include="$(MSBuildThisFileDirectory)Data\Resources\unity_builtin_extra">
      <Filter>Data\Resources</Filter>
    </None>
    <None Include="$(MSBuildThisFileDirectory)Data\StreamingAssets\CustomElevationData\023013210123132.et">
      <Filter>Data\StreamingAssets\CustomElevationData</Filter>
    </None>
    <None Include="$(MSBuildThisFileDirectory)Data\StreamingAssets\CustomElevationData\0230132101231323.et">
      <Filter>Data\StreamingAssets\CustomElevationData</Filter>
    </None>
    <None Include="$(MSBuildThisFileDirectory)Data\StreamingAssets\CustomElevationData\02301321012313232.et">
      <Filter>Data\StreamingAssets\CustomElevationData</Filter>
    </None>
    <None Include="$(MSBuildThisFileDirectory)Data\StreamingAssets\CustomElevationData\02301321012313233.et">
      <Filter>Data\StreamingAssets\CustomElevationData</Filter>
    </None>
    <None Include="$(MSBuildThisFileDirectory)Data\StreamingAssets\CustomElevationData\023013210123133.et">
      <Filter>Data\StreamingAssets\CustomElevationData</Filter>
    </None>
    <None Include="$(MSBuildThisFileDirectory)Data\StreamingAssets\CustomElevationData\0230132101231332.et">
      <Filter>Data\StreamingAssets\CustomElevationData</Filter>
    </None>
    <None Include="$(MSBuildThisFileDirectory)Data\StreamingAssets\CustomElevationData\02301321012313322.et">
      <Filter>Data\StreamingAssets\CustomElevationData</Filter>
    </None>
    <None Include="$(MSBuildThisFileDirectory)Data\StreamingAssets\CustomElevationData\02301321012313323.et">
      <Filter>Data\StreamingAssets\CustomElevationData</Filter>
    </None>
    <None Include="$(MSBuildThisFileDirectory)Data\StreamingAssets\CustomElevationData\023013210123310.et">
      <Filter>Data\StreamingAssets\CustomElevationData</Filter>
    </None>
    <None Include="$(MSBuildThisFileDirectory)Data\StreamingAssets\CustomElevationData\0230132101233101.et">
      <Filter>Data\StreamingAssets\CustomElevationData</Filter>
    </None>
    <None Include="$(MSBuildThisFileDirectory)Data\StreamingAssets\CustomElevationData\02301321012331010.et">
      <Filter>Data\StreamingAssets\CustomElevationData</Filter>
    </None>
    <None Include="$(MSBuildThisFileDirectory)Data\StreamingAssets\CustomElevationData\02301321012331011.et">
      <Filter>Data\StreamingAssets\CustomElevationData</Filter>
    </None>
    <None Include="$(MSBuildThisFileDirectory)Data\StreamingAssets\CustomElevationData\02301321012331012.et">
      <Filter>Data\StreamingAssets\CustomElevationData</Filter>
    </None>
    <None Include="$(MSBuildThisFileDirectory)Data\StreamingAssets\CustomElevationData\02301321012331013.et">
      <Filter>Data\StreamingAssets\CustomElevationData</Filter>
    </None>
    <None Include="$(MSBuildThisFileDirectory)Data\StreamingAssets\CustomElevationData\0230132101233103.et">
      <Filter>Data\StreamingAssets\CustomElevationData</Filter>
    </None>
    <None Include="$(MSBuildThisFileDirectory)Data\StreamingAssets\CustomElevationData\02301321012331030.et">
      <Filter>Data\StreamingAssets\CustomElevationData</Filter>
    </None>
    <None Include="$(MSBuildThisFileDirectory)Data\StreamingAssets\CustomElevationData\02301321012331031.et">
      <Filter>Data\StreamingAssets\CustomElevationData</Filter>
    </None>
    <None Include="$(MSBuildThisFileDirectory)Data\StreamingAssets\CustomElevationData\023013210123311.et">
      <Filter>Data\StreamingAssets\CustomElevationData</Filter>
    </None>
    <None Include="$(MSBuildThisFileDirectory)Data\StreamingAssets\CustomElevationData\0230132101233110.et">
      <Filter>Data\StreamingAssets\CustomElevationData</Filter>
    </None>
    <None Include="$(MSBuildThisFileDirectory)Data\StreamingAssets\CustomElevationData\02301321012331100.et">
      <Filter>Data\StreamingAssets\CustomElevationData</Filter>
    </None>
    <None Include="$(MSBuildThisFileDirectory)Data\StreamingAssets\CustomElevationData\02301321012331101.et">
      <Filter>Data\StreamingAssets\CustomElevationData</Filter>
    </None>
    <None Include="$(MSBuildThisFileDirectory)Data\StreamingAssets\CustomElevationData\02301321012331102.et">
      <Filter>Data\StreamingAssets\CustomElevationData</Filter>
    </None>
    <None Include="$(MSBuildThisFileDirectory)Data\StreamingAssets\CustomElevationData\02301321012331103.et">
      <Filter>Data\StreamingAssets\CustomElevationData</Filter>
    </None>
    <None Include="$(MSBuildThisFileDirectory)Data\StreamingAssets\CustomElevationData\0230132101233112.et">
      <Filter>Data\StreamingAssets\CustomElevationData</Filter>
    </None>
    <None Include="$(MSBuildThisFileDirectory)Data\StreamingAssets\CustomElevationData\02301321012331120.et">
      <Filter>Data\StreamingAssets\CustomElevationData</Filter>
    </None>
    <None Include="$(MSBuildThisFileDirectory)Data\StreamingAssets\CustomElevationData\02301321012331121.et">
      <Filter>Data\StreamingAssets\CustomElevationData</Filter>
    </None>
    <None Include="$(MSBuildThisFileDirectory)MicrosoftGeospatialCompressionNative.dll" />
    <None Include="$(MSBuildThisFileDirectory)AudioPluginMsHRTF.dll" />
  </ItemGroup>
  <ItemGroup>
    <None Include="$(OutDir)GameAssembly.dll" />
    <None Include="$(OutDir)GameAssembly.pdb" />
  </ItemGroup>
</Project>